// !$*UTF8*$!
{
	archiveVersion = 1;
	classes = {
	};
	objectVersion = 52;
	objects = {

/* Begin PBXBuildFile section */
		826A262E247626BB00B082ED /* ListHandler.swift in Sources */ = {isa = PBXBuildFile; fileRef = 826A262D247626BB00B082ED /* ListHandler.swift */; };
		826A26302476277100B082ED /* List.swift in Sources */ = {isa = PBXBuildFile; fileRef = 826A262F2476277100B082ED /* List.swift */; };
		826A26322476279E00B082ED /* Step.swift in Sources */ = {isa = PBXBuildFile; fileRef = 826A26312476279E00B082ED /* Step.swift */; };
		826A2634247627AA00B082ED /* StepHandler.swift in Sources */ = {isa = PBXBuildFile; fileRef = 826A2633247627AA00B082ED /* StepHandler.swift */; };
		826CA017247393E0006A543D /* Login.storyboard in Resources */ = {isa = PBXBuildFile; fileRef = 826CA016247393E0006A543D /* Login.storyboard */; };
		826CA019247393F2006A543D /* LoginController.swift in Sources */ = {isa = PBXBuildFile; fileRef = 826CA018247393F2006A543D /* LoginController.swift */; };
		82A300E824739515001957E0 /* Spinner+Extension.swift in Sources */ = {isa = PBXBuildFile; fileRef = 82A300E724739515001957E0 /* Spinner+Extension.swift */; };
		82A300EA24739551001957E0 /* UserHandler.swift in Sources */ = {isa = PBXBuildFile; fileRef = 82A300E924739551001957E0 /* UserHandler.swift */; };
		82A300EC24739575001957E0 /* Environment.swift in Sources */ = {isa = PBXBuildFile; fileRef = 82A300EB24739575001957E0 /* Environment.swift */; };
		82A300EE247395A5001957E0 /* User.swift in Sources */ = {isa = PBXBuildFile; fileRef = 82A300ED247395A5001957E0 /* User.swift */; };
		82A300F024739602001957E0 /* CommonData.swift in Sources */ = {isa = PBXBuildFile; fileRef = 82A300EF24739602001957E0 /* CommonData.swift */; };
		82A300F324739658001957E0 /* ServerAnswer.swift in Sources */ = {isa = PBXBuildFile; fileRef = 82A300F224739658001957E0 /* ServerAnswer.swift */; };
		82A300F9247396C9001957E0 /* Endpoints-Requests in Frameworks */ = {isa = PBXBuildFile; productRef = 82A300F8247396C9001957E0 /* Endpoints-Requests */; };
		82A300FC2473971A001957E0 /* Alert+Extension.swift in Sources */ = {isa = PBXBuildFile; fileRef = 82A300FB2473971A001957E0 /* Alert+Extension.swift */; };
		82A300FE24739800001957E0 /* LoginExtensions.swift in Sources */ = {isa = PBXBuildFile; fileRef = 82A300FD24739800001957E0 /* LoginExtensions.swift */; };
		E423ADF6246F0F7C009F42C3 /* AppDelegate.swift in Sources */ = {isa = PBXBuildFile; fileRef = E423ADF5246F0F7C009F42C3 /* AppDelegate.swift */; };
		E423ADF8246F0F7C009F42C3 /* SceneDelegate.swift in Sources */ = {isa = PBXBuildFile; fileRef = E423ADF7246F0F7C009F42C3 /* SceneDelegate.swift */; };
		E423ADFA246F0F7C009F42C3 /* ViewController.swift in Sources */ = {isa = PBXBuildFile; fileRef = E423ADF9246F0F7C009F42C3 /* ViewController.swift */; };
		E423ADFD246F0F7C009F42C3 /* Main.storyboard in Resources */ = {isa = PBXBuildFile; fileRef = E423ADFB246F0F7C009F42C3 /* Main.storyboard */; };
		E423ADFF246F0F7E009F42C3 /* Assets.xcassets in Resources */ = {isa = PBXBuildFile; fileRef = E423ADFE246F0F7E009F42C3 /* Assets.xcassets */; };
		E423AE02246F0F7E009F42C3 /* LaunchScreen.storyboard in Resources */ = {isa = PBXBuildFile; fileRef = E423AE00246F0F7E009F42C3 /* LaunchScreen.storyboard */; };
		E435E49424744811003D79CD /* Playlist.swift in Sources */ = {isa = PBXBuildFile; fileRef = E435E49324744811003D79CD /* Playlist.swift */; };
		E435E4962474483E003D79CD /* Tip.swift in Sources */ = {isa = PBXBuildFile; fileRef = E435E4952474483E003D79CD /* Tip.swift */; };
		E435E49824744CDD003D79CD /* Default-568h@2x.png in Resources */ = {isa = PBXBuildFile; fileRef = E435E49724744CDD003D79CD /* Default-568h@2x.png */; };
		E47EB20D246F1C77004651A2 /* Posts.storyboard in Resources */ = {isa = PBXBuildFile; fileRef = E47EB20C246F1C77004651A2 /* Posts.storyboard */; };
		E47EB20F246F244B004651A2 /* SegmentedCollectionViewCell.swift in Sources */ = {isa = PBXBuildFile; fileRef = E47EB20E246F244B004651A2 /* SegmentedCollectionViewCell.swift */; };
		E47EB211246F336D004651A2 /* PlaylistTableViewCell.swift in Sources */ = {isa = PBXBuildFile; fileRef = E47EB210246F336D004651A2 /* PlaylistTableViewCell.swift */; };
		E47EB213246F3438004651A2 /* PostsViewController.swift in Sources */ = {isa = PBXBuildFile; fileRef = E47EB212246F3438004651A2 /* PostsViewController.swift */; };
		E47EB218246F34DC004651A2 /* FilterCollectionViewDelegate.swift in Sources */ = {isa = PBXBuildFile; fileRef = E47EB217246F34DC004651A2 /* FilterCollectionViewDelegate.swift */; };
		E4B748A92473021B00B3FAAF /* PlaylistTableViewDelegate.swift in Sources */ = {isa = PBXBuildFile; fileRef = E4B748A82473021B00B3FAAF /* PlaylistTableViewDelegate.swift */; };
		E4B748AB247309F700B3FAAF /* Galeria.storyboard in Resources */ = {isa = PBXBuildFile; fileRef = E4B748AA247309F700B3FAAF /* Galeria.storyboard */; };
		E4B748AF247310F000B3FAAF /* GaleryViewController.swift in Sources */ = {isa = PBXBuildFile; fileRef = E4B748AE247310F000B3FAAF /* GaleryViewController.swift */; };
		E4B748B3247320B300B3FAAF /* AddPlaylistTableViewCell.swift in Sources */ = {isa = PBXBuildFile; fileRef = E4B748B2247320B300B3FAAF /* AddPlaylistTableViewCell.swift */; };
		E4B748B52473272900B3FAAF /* GaleryPlaylistsTableViewDelegate.swift in Sources */ = {isa = PBXBuildFile; fileRef = E4B748B42473272900B3FAAF /* GaleryPlaylistsTableViewDelegate.swift */; };
/* End PBXBuildFile section */

/* Begin PBXFileReference section */
		826A262D247626BB00B082ED /* ListHandler.swift */ = {isa = PBXFileReference; lastKnownFileType = sourcecode.swift; path = ListHandler.swift; sourceTree = "<group>"; };
		826A262F2476277100B082ED /* List.swift */ = {isa = PBXFileReference; lastKnownFileType = sourcecode.swift; path = List.swift; sourceTree = "<group>"; };
		826A26312476279E00B082ED /* Step.swift */ = {isa = PBXFileReference; lastKnownFileType = sourcecode.swift; path = Step.swift; sourceTree = "<group>"; };
		826A2633247627AA00B082ED /* StepHandler.swift */ = {isa = PBXFileReference; lastKnownFileType = sourcecode.swift; path = StepHandler.swift; sourceTree = "<group>"; };
		826CA016247393E0006A543D /* Login.storyboard */ = {isa = PBXFileReference; lastKnownFileType = file.storyboard; path = Login.storyboard; sourceTree = "<group>"; };
		826CA018247393F2006A543D /* LoginController.swift */ = {isa = PBXFileReference; lastKnownFileType = sourcecode.swift; path = LoginController.swift; sourceTree = "<group>"; };
		82A300E724739515001957E0 /* Spinner+Extension.swift */ = {isa = PBXFileReference; lastKnownFileType = sourcecode.swift; path = "Spinner+Extension.swift"; sourceTree = "<group>"; };
		82A300E924739551001957E0 /* UserHandler.swift */ = {isa = PBXFileReference; lastKnownFileType = sourcecode.swift; path = UserHandler.swift; sourceTree = "<group>"; };
		82A300EB24739575001957E0 /* Environment.swift */ = {isa = PBXFileReference; lastKnownFileType = sourcecode.swift; path = Environment.swift; sourceTree = "<group>"; };
		82A300ED247395A5001957E0 /* User.swift */ = {isa = PBXFileReference; lastKnownFileType = sourcecode.swift; path = User.swift; sourceTree = "<group>"; };
		82A300EF24739602001957E0 /* CommonData.swift */ = {isa = PBXFileReference; lastKnownFileType = sourcecode.swift; path = CommonData.swift; sourceTree = "<group>"; };
		82A300F224739658001957E0 /* ServerAnswer.swift */ = {isa = PBXFileReference; lastKnownFileType = sourcecode.swift; path = ServerAnswer.swift; sourceTree = "<group>"; };
		82A300FB2473971A001957E0 /* Alert+Extension.swift */ = {isa = PBXFileReference; lastKnownFileType = sourcecode.swift; path = "Alert+Extension.swift"; sourceTree = "<group>"; };
		82A300FD24739800001957E0 /* LoginExtensions.swift */ = {isa = PBXFileReference; lastKnownFileType = sourcecode.swift; path = LoginExtensions.swift; sourceTree = "<group>"; };
		82A300FF24739C78001957E0 /* Kaligo.entitlements */ = {isa = PBXFileReference; lastKnownFileType = text.plist.entitlements; path = Kaligo.entitlements; sourceTree = "<group>"; };
		E423ADF2246F0F7C009F42C3 /* Kaligo.app */ = {isa = PBXFileReference; explicitFileType = wrapper.application; includeInIndex = 0; path = Kaligo.app; sourceTree = BUILT_PRODUCTS_DIR; };
		E423ADF5246F0F7C009F42C3 /* AppDelegate.swift */ = {isa = PBXFileReference; lastKnownFileType = sourcecode.swift; path = AppDelegate.swift; sourceTree = "<group>"; };
		E423ADF7246F0F7C009F42C3 /* SceneDelegate.swift */ = {isa = PBXFileReference; lastKnownFileType = sourcecode.swift; path = SceneDelegate.swift; sourceTree = "<group>"; };
		E423ADF9246F0F7C009F42C3 /* ViewController.swift */ = {isa = PBXFileReference; lastKnownFileType = sourcecode.swift; path = ViewController.swift; sourceTree = "<group>"; };
		E423ADFC246F0F7C009F42C3 /* Base */ = {isa = PBXFileReference; lastKnownFileType = file.storyboard; name = Base; path = Base.lproj/Main.storyboard; sourceTree = "<group>"; };
		E423ADFE246F0F7E009F42C3 /* Assets.xcassets */ = {isa = PBXFileReference; lastKnownFileType = folder.assetcatalog; path = Assets.xcassets; sourceTree = "<group>"; };
		E423AE01246F0F7E009F42C3 /* Base */ = {isa = PBXFileReference; lastKnownFileType = file.storyboard; name = Base; path = Base.lproj/LaunchScreen.storyboard; sourceTree = "<group>"; };
		E423AE03246F0F7E009F42C3 /* Info.plist */ = {isa = PBXFileReference; lastKnownFileType = text.plist.xml; path = Info.plist; sourceTree = "<group>"; };
		E435E49324744811003D79CD /* Playlist.swift */ = {isa = PBXFileReference; lastKnownFileType = sourcecode.swift; path = Playlist.swift; sourceTree = "<group>"; };
		E435E4952474483E003D79CD /* Tip.swift */ = {isa = PBXFileReference; lastKnownFileType = sourcecode.swift; path = Tip.swift; sourceTree = "<group>"; };
		E435E49724744CDD003D79CD /* Default-568h@2x.png */ = {isa = PBXFileReference; lastKnownFileType = image.png; path = "Default-568h@2x.png"; sourceTree = "<group>"; };
		E47EB20C246F1C77004651A2 /* Posts.storyboard */ = {isa = PBXFileReference; lastKnownFileType = file.storyboard; path = Posts.storyboard; sourceTree = "<group>"; };
		E47EB20E246F244B004651A2 /* SegmentedCollectionViewCell.swift */ = {isa = PBXFileReference; lastKnownFileType = sourcecode.swift; path = SegmentedCollectionViewCell.swift; sourceTree = "<group>"; };
		E47EB210246F336D004651A2 /* PlaylistTableViewCell.swift */ = {isa = PBXFileReference; lastKnownFileType = sourcecode.swift; path = PlaylistTableViewCell.swift; sourceTree = "<group>"; };
		E47EB212246F3438004651A2 /* PostsViewController.swift */ = {isa = PBXFileReference; lastKnownFileType = sourcecode.swift; path = PostsViewController.swift; sourceTree = "<group>"; };
		E47EB217246F34DC004651A2 /* FilterCollectionViewDelegate.swift */ = {isa = PBXFileReference; lastKnownFileType = sourcecode.swift; path = FilterCollectionViewDelegate.swift; sourceTree = "<group>"; };
		E4B748A82473021B00B3FAAF /* PlaylistTableViewDelegate.swift */ = {isa = PBXFileReference; lastKnownFileType = sourcecode.swift; path = PlaylistTableViewDelegate.swift; sourceTree = "<group>"; };
		E4B748AA247309F700B3FAAF /* Galeria.storyboard */ = {isa = PBXFileReference; lastKnownFileType = file.storyboard; path = Galeria.storyboard; sourceTree = "<group>"; };
		E4B748AE247310F000B3FAAF /* GaleryViewController.swift */ = {isa = PBXFileReference; lastKnownFileType = sourcecode.swift; path = GaleryViewController.swift; sourceTree = "<group>"; };
		E4B748B2247320B300B3FAAF /* AddPlaylistTableViewCell.swift */ = {isa = PBXFileReference; lastKnownFileType = sourcecode.swift; path = AddPlaylistTableViewCell.swift; sourceTree = "<group>"; };
		E4B748B42473272900B3FAAF /* GaleryPlaylistsTableViewDelegate.swift */ = {isa = PBXFileReference; lastKnownFileType = sourcecode.swift; path = GaleryPlaylistsTableViewDelegate.swift; sourceTree = "<group>"; };
/* End PBXFileReference section */

/* Begin PBXFrameworksBuildPhase section */
		E423ADEF246F0F7C009F42C3 /* Frameworks */ = {
			isa = PBXFrameworksBuildPhase;
			buildActionMask = 2147483647;
			files = (
				82A300F9247396C9001957E0 /* Endpoints-Requests in Frameworks */,
			);
			runOnlyForDeploymentPostprocessing = 0;
		};
/* End PBXFrameworksBuildPhase section */

/* Begin PBXGroup section */
		826A262C2476269F00B082ED /* List */ = {
			isa = PBXGroup;
			children = (
				826A262F2476277100B082ED /* List.swift */,
				826A262D247626BB00B082ED /* ListHandler.swift */,
				826A26312476279E00B082ED /* Step.swift */,
				826A2633247627AA00B082ED /* StepHandler.swift */,
			);
			path = List;
			sourceTree = "<group>";
		};
		826CA01124739285006A543D /* Login */ = {
			isa = PBXGroup;
			children = (
				826CA016247393E0006A543D /* Login.storyboard */,
				826CA018247393F2006A543D /* LoginController.swift */,
				82A300FD24739800001957E0 /* LoginExtensions.swift */,
			);
			path = Login;
			sourceTree = "<group>";
		};
		82A300F124739623001957E0 /* Connection */ = {
			isa = PBXGroup;
			children = (
				82A300EB24739575001957E0 /* Environment.swift */,
				82A300F224739658001957E0 /* ServerAnswer.swift */,
			);
			path = Connection;
			sourceTree = "<group>";
		};
		82A300FA247396F2001957E0 /* Shared */ = {
			isa = PBXGroup;
			children = (
				82A300EF24739602001957E0 /* CommonData.swift */,
				82A300E724739515001957E0 /* Spinner+Extension.swift */,
				82A300FB2473971A001957E0 /* Alert+Extension.swift */,
			);
			path = Shared;
			sourceTree = "<group>";
		};
		82A3010024739E9C001957E0 /* User */ = {
			isa = PBXGroup;
			children = (
				82A300ED247395A5001957E0 /* User.swift */,
				82A300E924739551001957E0 /* UserHandler.swift */,
			);
			path = User;
			sourceTree = "<group>";
		};
		E423ADE9246F0F7C009F42C3 = {
			isa = PBXGroup;
			children = (
				E435E49724744CDD003D79CD /* Default-568h@2x.png */,
				E423ADF4246F0F7C009F42C3 /* Kaligo */,
				E423ADF3246F0F7C009F42C3 /* Products */,
			);
			sourceTree = "<group>";
		};
		E423ADF3246F0F7C009F42C3 /* Products */ = {
			isa = PBXGroup;
			children = (
				E423ADF2246F0F7C009F42C3 /* Kaligo.app */,
			);
			name = Products;
			sourceTree = "<group>";
		};
		E423ADF4246F0F7C009F42C3 /* Kaligo */ = {
			isa = PBXGroup;
			children = (
				826A262C2476269F00B082ED /* List */,
				E47EB216246F349C004651A2 /* Controller */,
				E47EB215246F3491004651A2 /* View */,
				E47EB214246F3489004651A2 /* Model */,
				82A300FF24739C78001957E0 /* Kaligo.entitlements */,
				82A300FA247396F2001957E0 /* Shared */,
				82A300F124739623001957E0 /* Connection */,
				82A3010024739E9C001957E0 /* User */,
				826CA01124739285006A543D /* Login */,
				E423ADF5246F0F7C009F42C3 /* AppDelegate.swift */,
				E423ADF7246F0F7C009F42C3 /* SceneDelegate.swift */,
				E423ADFE246F0F7E009F42C3 /* Assets.xcassets */,
				E423AE03246F0F7E009F42C3 /* Info.plist */,
			);
			path = Kaligo;
			sourceTree = "<group>";
		};
		E47EB214246F3489004651A2 /* Model */ = {
			isa = PBXGroup;
			children = (
				E435E49324744811003D79CD /* Playlist.swift */,
				E435E4952474483E003D79CD /* Tip.swift */,
			);
			path = Model;
			sourceTree = "<group>";
		};
		E47EB215246F3491004651A2 /* View */ = {
			isa = PBXGroup;
			children = (
				E423ADFB246F0F7C009F42C3 /* Main.storyboard */,
				E423AE00246F0F7E009F42C3 /* LaunchScreen.storyboard */,
				E47EB20C246F1C77004651A2 /* Posts.storyboard */,
				E4B748AA247309F700B3FAAF /* Galeria.storyboard */,
				E47EB20E246F244B004651A2 /* SegmentedCollectionViewCell.swift */,
				E47EB210246F336D004651A2 /* PlaylistTableViewCell.swift */,
				E4B748B2247320B300B3FAAF /* AddPlaylistTableViewCell.swift */,
			);
			path = View;
			sourceTree = "<group>";
		};
		E47EB216246F349C004651A2 /* Controller */ = {
			isa = PBXGroup;
			children = (
				E423ADF9246F0F7C009F42C3 /* ViewController.swift */,
				E47EB212246F3438004651A2 /* PostsViewController.swift */,
				E47EB217246F34DC004651A2 /* FilterCollectionViewDelegate.swift */,
				E4B748A82473021B00B3FAAF /* PlaylistTableViewDelegate.swift */,
				E4B748AE247310F000B3FAAF /* GaleryViewController.swift */,
				E4B748B42473272900B3FAAF /* GaleryPlaylistsTableViewDelegate.swift */,
			);
			path = Controller;
			sourceTree = "<group>";
		};
/* End PBXGroup section */

/* Begin PBXNativeTarget section */
		E423ADF1246F0F7C009F42C3 /* Kaligo */ = {
			isa = PBXNativeTarget;
			buildConfigurationList = E423AE06246F0F7E009F42C3 /* Build configuration list for PBXNativeTarget "Kaligo" */;
			buildPhases = (
				E423ADEE246F0F7C009F42C3 /* Sources */,
				E423ADEF246F0F7C009F42C3 /* Frameworks */,
				E423ADF0246F0F7C009F42C3 /* Resources */,
				E423AE09246F0FE3009F42C3 /* ShellScript */,
			);
			buildRules = (
			);
			dependencies = (
			);
			name = Kaligo;
			packageProductDependencies = (
				82A300F8247396C9001957E0 /* Endpoints-Requests */,
			);
			productName = Kaligo;
			productReference = E423ADF2246F0F7C009F42C3 /* Kaligo.app */;
			productType = "com.apple.product-type.application";
		};
/* End PBXNativeTarget section */

/* Begin PBXProject section */
		E423ADEA246F0F7C009F42C3 /* Project object */ = {
			isa = PBXProject;
			attributes = {
				LastSwiftUpdateCheck = 1140;
				LastUpgradeCheck = 1140;
				ORGANIZATIONNAME = "Lia Kassardjian";
				TargetAttributes = {
					E423ADF1246F0F7C009F42C3 = {
						CreatedOnToolsVersion = 11.4.1;
					};
				};
			};
			buildConfigurationList = E423ADED246F0F7C009F42C3 /* Build configuration list for PBXProject "Kaligo" */;
			compatibilityVersion = "Xcode 9.3";
			developmentRegion = en;
			hasScannedForEncodings = 0;
			knownRegions = (
				en,
				Base,
			);
			mainGroup = E423ADE9246F0F7C009F42C3;
			packageReferences = (
				82A300F7247396C9001957E0 /* XCRemoteSwiftPackageReference "Endpoints-Requests" */,
			);
			productRefGroup = E423ADF3246F0F7C009F42C3 /* Products */;
			projectDirPath = "";
			projectRoot = "";
			targets = (
				E423ADF1246F0F7C009F42C3 /* Kaligo */,
			);
		};
/* End PBXProject section */

/* Begin PBXResourcesBuildPhase section */
		E423ADF0246F0F7C009F42C3 /* Resources */ = {
			isa = PBXResourcesBuildPhase;
			buildActionMask = 2147483647;
			files = (
				E4B748AB247309F700B3FAAF /* Galeria.storyboard in Resources */,
				E47EB20D246F1C77004651A2 /* Posts.storyboard in Resources */,
				826CA017247393E0006A543D /* Login.storyboard in Resources */,
				E423AE02246F0F7E009F42C3 /* LaunchScreen.storyboard in Resources */,
				E423ADFF246F0F7E009F42C3 /* Assets.xcassets in Resources */,
				E423ADFD246F0F7C009F42C3 /* Main.storyboard in Resources */,
				E435E49824744CDD003D79CD /* Default-568h@2x.png in Resources */,
			);
			runOnlyForDeploymentPostprocessing = 0;
		};
/* End PBXResourcesBuildPhase section */

/* Begin PBXShellScriptBuildPhase section */
		E423AE09246F0FE3009F42C3 /* ShellScript */ = {
			isa = PBXShellScriptBuildPhase;
			buildActionMask = 2147483647;
			files = (
			);
			inputFileListPaths = (
			);
			inputPaths = (
			);
			outputFileListPaths = (
			);
			outputPaths = (
			);
			runOnlyForDeploymentPostprocessing = 0;
			shellPath = /bin/sh;
			shellScript = "if which swiftlint >/dev/null; then\nswiftlint\nelse\necho \"warning: SwiftLint not installed, download from https://github.com/realm/SwiftLint\"\nfi\n";
		};
/* End PBXShellScriptBuildPhase section */

/* Begin PBXSourcesBuildPhase section */
		E423ADEE246F0F7C009F42C3 /* Sources */ = {
			isa = PBXSourcesBuildPhase;
			buildActionMask = 2147483647;
			files = (
				E47EB213246F3438004651A2 /* PostsViewController.swift in Sources */,
				E47EB211246F336D004651A2 /* PlaylistTableViewCell.swift in Sources */,
				E4B748B3247320B300B3FAAF /* AddPlaylistTableViewCell.swift in Sources */,
				826A262E247626BB00B082ED /* ListHandler.swift in Sources */,
				E4B748A92473021B00B3FAAF /* PlaylistTableViewDelegate.swift in Sources */,
				E47EB218246F34DC004651A2 /* FilterCollectionViewDelegate.swift in Sources */,
				E4B748B52473272900B3FAAF /* GaleryPlaylistsTableViewDelegate.swift in Sources */,
				E423ADFA246F0F7C009F42C3 /* ViewController.swift in Sources */,
				E47EB20F246F244B004651A2 /* SegmentedCollectionViewCell.swift in Sources */,
				E423ADF6246F0F7C009F42C3 /* AppDelegate.swift in Sources */,
				E4B748AF247310F000B3FAAF /* GaleryViewController.swift in Sources */,
				826A26322476279E00B082ED /* Step.swift in Sources */,
				E435E4962474483E003D79CD /* Tip.swift in Sources */,
				82A300E824739515001957E0 /* Spinner+Extension.swift in Sources */,
				82A300FE24739800001957E0 /* LoginExtensions.swift in Sources */,
				82A300EA24739551001957E0 /* UserHandler.swift in Sources */,
				82A300FC2473971A001957E0 /* Alert+Extension.swift in Sources */,
				E423ADFA246F0F7C009F42C3 /* ViewController.swift in Sources */,
				826A2634247627AA00B082ED /* StepHandler.swift in Sources */,
				826A26302476277100B082ED /* List.swift in Sources */,
				82A300EC24739575001957E0 /* Environment.swift in Sources */,
				82A300EE247395A5001957E0 /* User.swift in Sources */,
				82A300F024739602001957E0 /* CommonData.swift in Sources */,
				826CA019247393F2006A543D /* LoginController.swift in Sources */,
				E423ADF6246F0F7C009F42C3 /* AppDelegate.swift in Sources */,
				82A300F324739658001957E0 /* ServerAnswer.swift in Sources */,
				E423ADF8246F0F7C009F42C3 /* SceneDelegate.swift in Sources */,
				E435E49424744811003D79CD /* Playlist.swift in Sources */,
			);
			runOnlyForDeploymentPostprocessing = 0;
		};
/* End PBXSourcesBuildPhase section */

/* Begin PBXVariantGroup section */
		E423ADFB246F0F7C009F42C3 /* Main.storyboard */ = {
			isa = PBXVariantGroup;
			children = (
				E423ADFC246F0F7C009F42C3 /* Base */,
			);
			name = Main.storyboard;
			sourceTree = "<group>";
		};
		E423AE00246F0F7E009F42C3 /* LaunchScreen.storyboard */ = {
			isa = PBXVariantGroup;
			children = (
				E423AE01246F0F7E009F42C3 /* Base */,
			);
			name = LaunchScreen.storyboard;
			sourceTree = "<group>";
		};
/* End PBXVariantGroup section */

/* Begin XCBuildConfiguration section */
		E423AE04246F0F7E009F42C3 /* Debug */ = {
			isa = XCBuildConfiguration;
			buildSettings = {
				ALWAYS_SEARCH_USER_PATHS = NO;
				CLANG_ANALYZER_NONNULL = YES;
				CLANG_ANALYZER_NUMBER_OBJECT_CONVERSION = YES_AGGRESSIVE;
				CLANG_CXX_LANGUAGE_STANDARD = "gnu++14";
				CLANG_CXX_LIBRARY = "libc++";
				CLANG_ENABLE_MODULES = YES;
				CLANG_ENABLE_OBJC_ARC = YES;
				CLANG_ENABLE_OBJC_WEAK = YES;
				CLANG_WARN_BLOCK_CAPTURE_AUTORELEASING = YES;
				CLANG_WARN_BOOL_CONVERSION = YES;
				CLANG_WARN_COMMA = YES;
				CLANG_WARN_CONSTANT_CONVERSION = YES;
				CLANG_WARN_DEPRECATED_OBJC_IMPLEMENTATIONS = YES;
				CLANG_WARN_DIRECT_OBJC_ISA_USAGE = YES_ERROR;
				CLANG_WARN_DOCUMENTATION_COMMENTS = YES;
				CLANG_WARN_EMPTY_BODY = YES;
				CLANG_WARN_ENUM_CONVERSION = YES;
				CLANG_WARN_INFINITE_RECURSION = YES;
				CLANG_WARN_INT_CONVERSION = YES;
				CLANG_WARN_NON_LITERAL_NULL_CONVERSION = YES;
				CLANG_WARN_OBJC_IMPLICIT_RETAIN_SELF = YES;
				CLANG_WARN_OBJC_LITERAL_CONVERSION = YES;
				CLANG_WARN_OBJC_ROOT_CLASS = YES_ERROR;
				CLANG_WARN_RANGE_LOOP_ANALYSIS = YES;
				CLANG_WARN_STRICT_PROTOTYPES = YES;
				CLANG_WARN_SUSPICIOUS_MOVE = YES;
				CLANG_WARN_UNGUARDED_AVAILABILITY = YES_AGGRESSIVE;
				CLANG_WARN_UNREACHABLE_CODE = YES;
				CLANG_WARN__DUPLICATE_METHOD_MATCH = YES;
				COPY_PHASE_STRIP = NO;
				DEBUG_INFORMATION_FORMAT = dwarf;
				ENABLE_STRICT_OBJC_MSGSEND = YES;
				ENABLE_TESTABILITY = YES;
				GCC_C_LANGUAGE_STANDARD = gnu11;
				GCC_DYNAMIC_NO_PIC = NO;
				GCC_NO_COMMON_BLOCKS = YES;
				GCC_OPTIMIZATION_LEVEL = 0;
				GCC_PREPROCESSOR_DEFINITIONS = (
					"DEBUG=1",
					"$(inherited)",
				);
				GCC_WARN_64_TO_32_BIT_CONVERSION = YES;
				GCC_WARN_ABOUT_RETURN_TYPE = YES_ERROR;
				GCC_WARN_UNDECLARED_SELECTOR = YES;
				GCC_WARN_UNINITIALIZED_AUTOS = YES_AGGRESSIVE;
				GCC_WARN_UNUSED_FUNCTION = YES;
				GCC_WARN_UNUSED_VARIABLE = YES;
				IPHONEOS_DEPLOYMENT_TARGET = 13.4;
				MTL_ENABLE_DEBUG_INFO = INCLUDE_SOURCE;
				MTL_FAST_MATH = YES;
				ONLY_ACTIVE_ARCH = YES;
				SDKROOT = iphoneos;
				SWIFT_ACTIVE_COMPILATION_CONDITIONS = DEBUG;
				SWIFT_OPTIMIZATION_LEVEL = "-Onone";
			};
			name = Debug;
		};
		E423AE05246F0F7E009F42C3 /* Release */ = {
			isa = XCBuildConfiguration;
			buildSettings = {
				ALWAYS_SEARCH_USER_PATHS = NO;
				CLANG_ANALYZER_NONNULL = YES;
				CLANG_ANALYZER_NUMBER_OBJECT_CONVERSION = YES_AGGRESSIVE;
				CLANG_CXX_LANGUAGE_STANDARD = "gnu++14";
				CLANG_CXX_LIBRARY = "libc++";
				CLANG_ENABLE_MODULES = YES;
				CLANG_ENABLE_OBJC_ARC = YES;
				CLANG_ENABLE_OBJC_WEAK = YES;
				CLANG_WARN_BLOCK_CAPTURE_AUTORELEASING = YES;
				CLANG_WARN_BOOL_CONVERSION = YES;
				CLANG_WARN_COMMA = YES;
				CLANG_WARN_CONSTANT_CONVERSION = YES;
				CLANG_WARN_DEPRECATED_OBJC_IMPLEMENTATIONS = YES;
				CLANG_WARN_DIRECT_OBJC_ISA_USAGE = YES_ERROR;
				CLANG_WARN_DOCUMENTATION_COMMENTS = YES;
				CLANG_WARN_EMPTY_BODY = YES;
				CLANG_WARN_ENUM_CONVERSION = YES;
				CLANG_WARN_INFINITE_RECURSION = YES;
				CLANG_WARN_INT_CONVERSION = YES;
				CLANG_WARN_NON_LITERAL_NULL_CONVERSION = YES;
				CLANG_WARN_OBJC_IMPLICIT_RETAIN_SELF = YES;
				CLANG_WARN_OBJC_LITERAL_CONVERSION = YES;
				CLANG_WARN_OBJC_ROOT_CLASS = YES_ERROR;
				CLANG_WARN_RANGE_LOOP_ANALYSIS = YES;
				CLANG_WARN_STRICT_PROTOTYPES = YES;
				CLANG_WARN_SUSPICIOUS_MOVE = YES;
				CLANG_WARN_UNGUARDED_AVAILABILITY = YES_AGGRESSIVE;
				CLANG_WARN_UNREACHABLE_CODE = YES;
				CLANG_WARN__DUPLICATE_METHOD_MATCH = YES;
				COPY_PHASE_STRIP = NO;
				DEBUG_INFORMATION_FORMAT = "dwarf-with-dsym";
				ENABLE_NS_ASSERTIONS = NO;
				ENABLE_STRICT_OBJC_MSGSEND = YES;
				GCC_C_LANGUAGE_STANDARD = gnu11;
				GCC_NO_COMMON_BLOCKS = YES;
				GCC_WARN_64_TO_32_BIT_CONVERSION = YES;
				GCC_WARN_ABOUT_RETURN_TYPE = YES_ERROR;
				GCC_WARN_UNDECLARED_SELECTOR = YES;
				GCC_WARN_UNINITIALIZED_AUTOS = YES_AGGRESSIVE;
				GCC_WARN_UNUSED_FUNCTION = YES;
				GCC_WARN_UNUSED_VARIABLE = YES;
				IPHONEOS_DEPLOYMENT_TARGET = 13.4;
				MTL_ENABLE_DEBUG_INFO = NO;
				MTL_FAST_MATH = YES;
				SDKROOT = iphoneos;
				SWIFT_COMPILATION_MODE = wholemodule;
				SWIFT_OPTIMIZATION_LEVEL = "-O";
				VALIDATE_PRODUCT = YES;
			};
			name = Release;
		};
		E423AE07246F0F7E009F42C3 /* Debug */ = {
			isa = XCBuildConfiguration;
			buildSettings = {
				ASSETCATALOG_COMPILER_APPICON_NAME = AppIcon;
				CODE_SIGN_ENTITLEMENTS = Kaligo/Kaligo.entitlements;
				CODE_SIGN_STYLE = Automatic;
				DEVELOPMENT_TEAM = B7X85S6HV6;
				INFOPLIST_FILE = Kaligo/Info.plist;
				LD_RUNPATH_SEARCH_PATHS = (
					"$(inherited)",
					"@executable_path/Frameworks",
				);
				PRODUCT_BUNDLE_IDENTIFIER = com.liakassardjian.Kaligo;
				PRODUCT_NAME = "$(TARGET_NAME)";
				SWIFT_VERSION = 5.0;
				TARGETED_DEVICE_FAMILY = "1,2";
			};
			name = Debug;
		};
		E423AE08246F0F7E009F42C3 /* Release */ = {
			isa = XCBuildConfiguration;
			buildSettings = {
				ASSETCATALOG_COMPILER_APPICON_NAME = AppIcon;
				CODE_SIGN_ENTITLEMENTS = Kaligo/Kaligo.entitlements;
				CODE_SIGN_STYLE = Automatic;
				DEVELOPMENT_TEAM = B7X85S6HV6;
				INFOPLIST_FILE = Kaligo/Info.plist;
				LD_RUNPATH_SEARCH_PATHS = (
					"$(inherited)",
					"@executable_path/Frameworks",
				);
				PRODUCT_BUNDLE_IDENTIFIER = com.liakassardjian.Kaligo;
				PRODUCT_NAME = "$(TARGET_NAME)";
				SWIFT_VERSION = 5.0;
				TARGETED_DEVICE_FAMILY = "1,2";
			};
			name = Release;
		};
/* End XCBuildConfiguration section */

/* Begin XCConfigurationList section */
		E423ADED246F0F7C009F42C3 /* Build configuration list for PBXProject "Kaligo" */ = {
			isa = XCConfigurationList;
			buildConfigurations = (
				E423AE04246F0F7E009F42C3 /* Debug */,
				E423AE05246F0F7E009F42C3 /* Release */,
			);
			defaultConfigurationIsVisible = 0;
			defaultConfigurationName = Release;
		};
		E423AE06246F0F7E009F42C3 /* Build configuration list for PBXNativeTarget "Kaligo" */ = {
			isa = XCConfigurationList;
			buildConfigurations = (
				E423AE07246F0F7E009F42C3 /* Debug */,
				E423AE08246F0F7E009F42C3 /* Release */,
			);
			defaultConfigurationIsVisible = 0;
			defaultConfigurationName = Release;
		};
/* End XCConfigurationList section */

/* Begin XCRemoteSwiftPackageReference section */
		82A300F7247396C9001957E0 /* XCRemoteSwiftPackageReference "Endpoints-Requests" */ = {
			isa = XCRemoteSwiftPackageReference;
			repositoryURL = "https://github.com/MaatheusGois/Endpoints-Requests.git";
			requirement = {
				branch = master;
				kind = branch;
			};
		};
/* End XCRemoteSwiftPackageReference section */

/* Begin XCSwiftPackageProductDependency section */
		82A300F8247396C9001957E0 /* Endpoints-Requests */ = {
			isa = XCSwiftPackageProductDependency;
			package = 82A300F7247396C9001957E0 /* XCRemoteSwiftPackageReference "Endpoints-Requests" */;
			productName = "Endpoints-Requests";
		};
/* End XCSwiftPackageProductDependency section */
	};
	rootObject = E423ADEA246F0F7C009F42C3 /* Project object */;
}
